
Microsoft Visual Studio Solution File, Format Version 12.00
# Visual Studio Version 16
VisualStudioVersion = 25.0.1700.0
MinimumVisualStudioVersion = 10.0.40219.1
Project("{FAE04EC0-301F-11D3-BF4B-00C04F79EFBC}") = "MarsRoverProject", "MarsRoverProject\MarsRoverProject.csproj", "{C10D0B94-CA88-4506-ADA3-B5CE9CDEAC4F}"
EndProject
Project("{FAE04EC0-301F-11D3-BF4B-00C04F79EFBC}") = "MarsRoverProjectTests", "MarsRoverProjectTests\MarsRoverProjectTests.csproj", "{99BAD6B7-0535-474B-A364-AE7EFEAB6CF1}"
EndProject
Global
	GlobalSection(SolutionConfigurationPlatforms) = preSolution
		Debug|Any CPU = Debug|Any CPU
		Release|Any CPU = Release|Any CPU
	EndGlobalSection
	GlobalSection(ProjectConfigurationPlatforms) = postSolution
		{C10D0B94-CA88-4506-ADA3-B5CE9CDEAC4F}.Debug|Any CPU.ActiveCfg = Debug|Any CPU
		{C10D0B94-CA88-4506-ADA3-B5CE9CDEAC4F}.Debug|Any CPU.Build.0 = Debug|Any CPU
		{C10D0B94-CA88-4506-ADA3-B5CE9CDEAC4F}.Release|Any CPU.ActiveCfg = Release|Any CPU
		{C10D0B94-CA88-4506-ADA3-B5CE9CDEAC4F}.Release|Any CPU.Build.0 = Release|Any CPU
		{99BAD6B7-0535-474B-A364-AE7EFEAB6CF1}.Debug|Any CPU.ActiveCfg = Debug|Any CPU
		{99BAD6B7-0535-474B-A364-AE7EFEAB6CF1}.Debug|Any CPU.Build.0 = Debug|Any CPU
		{99BAD6B7-0535-474B-A364-AE7EFEAB6CF1}.Release|Any CPU.ActiveCfg = Release|Any CPU
		{99BAD6B7-0535-474B-A364-AE7EFEAB6CF1}.Release|Any CPU.Build.0 = Release|Any CPU
	EndGlobalSection
	GlobalSection(SolutionProperties) = preSolution
		HideSolutionNode = FALSE
	EndGlobalSection
	GlobalSection(ExtensibilityGlobals) = postSolution
		SolutionGuid = {6E8EC1F5-5C60-4552-BAAD-0A938D38949D}
	EndGlobalSection
EndGlobal
